<?xml version="1.0" encoding="utf-8"?>
<Project ToolsVersion="4.0" xmlns="http://schemas.microsoft.com/developer/msbuild/2003">
  <ItemGroup>
    <ClCompile Include="src\grid.cpp" />
    <ClCompile Include="src\pozitionatorComponente.cpp" />
    <ClCompile Include="src\UIManager.cpp" />
    <ClCompile Include="src\main.cpp" />
    <ClCompile Include="src\Aplicatie.cpp" />
    <ClCompile Include="src\Componente.cpp" />
    <ClCompile Include="src\desenatorConectori.cpp" />
    <ClCompile Include="src\ElementeGrafice.cpp" />
    <ClCompile Include="src\SistemEvenimente.cpp" />
    <ClCompile Include="src\TipuriComponente.cpp" />
    <ClCompile Include="src\EditorComponente.cpp" />
    <ClCompile Include="src\SimulatorCircuit.cpp" />
    <ClCompile Include="src\Screenshotter.cpp" />
    <ClCompile Include="src\EcranPrincipal.cpp" />
    <ClCompile Include="src\Tooltip.cpp" />
    <ClCompile Include="src\SaveLoad.cpp" />
  </ItemGroup>
  <ItemGroup>
    <ClInclude Include="src\pozitionatorComponente.h" />
    <ClInclude Include="src\UIManager.h" />
    <ClInclude Include="src\Aplicatie.h" />
    <ClInclude Include="src\Componente.h" />
    <ClInclude Include="src\desenatorConectori.h" />
    <ClInclude Include="src\ElementeGrafice.h" />
    <ClInclude Include="src\SistemEvenimente.h" />
    <ClInclude Include="src\unelteDesenare.h" />
    <ClInclude Include="src\vector2.h" />
    <ClInclude Include="src\TipuriComponente.h" />
    <ClInclude Include="src\EditorComponente.h" />
    <ClInclude Include="src\SimulatorCircuit.h" />
    <ClInclude Include="src\Screenshotter.h" />
    <ClInclude Include="src\EcranPrincipal.h" />
    <ClInclude Include="src\Tooltip.h" />
    <ClInclude Include="src\SaveLoad.h" />
  </ItemGroup>
  <ItemGroup>
    <Font Include="bin\ShareTech.ttf" />
    <Font Include="bin\arial.ttf" />
    <Font Include="bin\Fonts\arial.ttf" />
    <Font Include="bin\Fonts\ShareTech.ttf" />
  </ItemGroup>
  <ItemGroup>
    <Image Include="bin\Imagini\Cactus.png" />
    <Image Include="bin\Desenecomponente\andgate.bmp" />
    <Image Include="bin\Desenecomponente\capacitor.bmp" />
    <Image Include="bin\Desenecomponente\dioda2linii.bmp" />
    <Image Include="bin\Desenecomponente\impamantare.bmp" />
    <Image Include="bin\Desenecomponente\intrerupator.bmp" />
    <Image Include="bin\Desenecomponente\rezistor.bmp" />
    <Image Include="bin\Desenecomponente\sursavoltaj.bmp" />
    <Image Include="bin\Desenecomponente\tranzistor.bmp" />
    <Image Include="bin\Iconite\delete_icon.bmp" />
    <Image Include="bin\Iconite\move_icon.bmp" />
    <Image Include="bin\Iconite\rotate_icon.bmp" />
    <Image Include="bin\Iconite\pause.bmp" />
    <Image Include="bin\Iconite\run.bmp" />
    <Image Include="bin\Iconite\stop.bmp" />
    <Image Include="bin\Desenecomponente\2splitter.bmp" />
    <Image Include="bin\Iconite\zoom.bmp" />
    <Image Include="bin\Iconite\cut.bmp" />
    <Image Include="bin\Iconite\camera.bmp" />
    <Image Include="bin\EcranPrincipal\bg.bmp" />
  </ItemGroup>
</Project>