
Microsoft Visual Studio Solution File, Format Version 12.00
# Visual Studio Version 16
VisualStudioVersion = 16.0.31911.196
MinimumVisualStudioVersion = 10.0.40219.1
Project("{8BC9CEB8-8B4A-11D0-8D11-00A0C91BC942}") = "ELECTRON", "ELECTRON.vcxproj", "{D62FBA7A-C704-4BB4-81AA-1CBDCD3B477F}"
EndProject
Global
	GlobalSection(SolutionConfigurationPlatforms) = preSolution
		Debug|x64 = Debug|x64
		Debug|x86 = Debug|x86
		Release|x64 = Release|x64
		Release|x86 = Release|x86
	EndGlobalSection
	GlobalSection(ProjectConfigurationPlatforms) = postSolution
		{D62FBA7A-C704-4BB4-81AA-1CBDCD3B477F}.Debug|x64.ActiveCfg = Debug|x64
		{D62FBA7A-C704-4BB4-81AA-1CBDCD3B477F}.Debug|x64.Build.0 = Debug|x64
		{D62FBA7A-C704-4BB4-81AA-1CBDCD3B477F}.Debug|x86.ActiveCfg = Debug|Win32
		{D62FBA7A-C704-4BB4-81AA-1CBDCD3B477F}.Debug|x86.Build.0 = Debug|Win32
		{D62FBA7A-C704-4BB4-81AA-1CBDCD3B477F}.Release|x64.ActiveCfg = Release|x64
		{D62FBA7A-C704-4BB4-81AA-1CBDCD3B477F}.Release|x64.Build.0 = Release|x64
		{D62FBA7A-C704-4BB4-81AA-1CBDCD3B477F}.Release|x86.ActiveCfg = Release|Win32
		{D62FBA7A-C704-4BB4-81AA-1CBDCD3B477F}.Release|x86.Build.0 = Release|Win32
	EndGlobalSection
	GlobalSection(SolutionProperties) = preSolution
		HideSolutionNode = FALSE
	EndGlobalSection
	GlobalSection(ExtensibilityGlobals) = postSolution
		SolutionGuid = {47C53A26-71B4-4692-B906-B4AC93FD954A}
	EndGlobalSection
EndGlobal
